version = 1
revision = 3
requires-python = ">=3.13"

[[package]]
name = "asgiref"
version = "3.11.1"
source = { registry = "https://pypi.org/simple" }
sdist = { url = "https://files.pythonhosted.org/packages/63/40/f03da1264ae8f7cfdbf9146542e5e7e8100a4c66ab48e791df9a03d3f6c0/asgiref-3.11.1.tar.gz", hash = "sha256:5f184dc43b7e763efe848065441eac62229c9f7b0475f41f80e207a114eda4ce", size = 38550, upload-time = "2026-02-03T13:30:14.33Z" }
wheels = [
    { url = "https://files.pythonhosted.org/packages/5c/0a/a72d10ed65068e115044937873362e6e32fab1b7dce0046aeb224682c989/asgiref-3.11.1-py3-none-any.whl", hash = "sha256:e8667a091e69529631969fd45dc268fa79b99c92c5fcdda727757e52146ec133", size = 24345, upload-time = "2026-02-03T13:30:13.039Z" },
]

[[package]]
name = "asyncio-dgram"
version = "3.0.0"
source = { registry = "https://pypi.org/simple" }
sdist = { url = "https://files.pythonhosted.org/packages/57/92/531067e931af346b13cab79ab9be2619b043e54d611f413809e71119e093/asyncio_dgram-3.0.0.tar.gz", hash = "sha256:bd0937807a44451d799573b32400702187fd0bba6136f7cf306e9327c0c20f3e", size = 26500, upload-time = "2026-01-21T19:40:18.547Z" }
wheels = [
    { url = "https://files.pythonhosted.org/packages/af/a1/ad5d53a50d07b4da934c5ff7db8fc3cfd091660b0f78174499644c72523f/asyncio_dgram-3.0.0-py3-none-any.whl", hash = "sha256:a4113061e6a7fbeee928d49c56cb61b68ca4a2fbee37f7e97280bbc72323ba8e", size = 7092, upload-time = "2026-01-21T19:40:17.309Z" },
]

[[package]]
name = "django"
version = "6.0.2"
source = { registry = "https://pypi.org/simple" }
dependencies = [
    { name = "asgiref" },
    { name = "sqlparse" },
    { name = "tzdata", marker = "sys_platform == 'win32'" },
]
sdist = { url = "https://files.pythonhosted.org/packages/26/3e/a1c4207c5dea4697b7a3387e26584919ba987d8f9320f59dc0b5c557a4eb/django-6.0.2.tar.gz", hash = "sha256:3046a53b0e40d4b676c3b774c73411d7184ae2745fe8ce5e45c0f33d3ddb71a7", size = 10886874, upload-time = "2026-02-03T13:50:31.596Z" }
wheels = [
    { url = "https://files.pythonhosted.org/packages/96/ba/a6e2992bc5b8c688249c00ea48cb1b7a9bc09839328c81dc603671460928/django-6.0.2-py3-none-any.whl", hash = "sha256:610dd3b13d15ec3f1e1d257caedd751db8033c5ad8ea0e2d1219a8acf446ecc6", size = 8339381, upload-time = "2026-02-03T13:50:15.501Z" },
]

[[package]]
name = "dnspython"
version = "2.8.0"
source = { registry = "https://pypi.org/simple" }
sdist = { url = "https://files.pythonhosted.org/packages/8c/8b/57666417c0f90f08bcafa776861060426765fdb422eb10212086fb811d26/dnspython-2.8.0.tar.gz", hash = "sha256:181d3c6996452cb1189c4046c61599b84a5a86e099562ffde77d26984ff26d0f", size = 368251, upload-time = "2025-09-07T18:58:00.022Z" }
wheels = [
    { url = "https://files.pythonhosted.org/packages/ba/5a/18ad964b0086c6e62e2e7500f7edc89e3faa45033c71c1893d34eed2b2de/dnspython-2.8.0-py3-none-any.whl", hash = "sha256:01d9bbc4a2d76bf0db7c1f729812ded6d912bd318d3b1cf81d30c0f845dbf3af", size = 331094, upload-time = "2025-09-07T18:57:58.071Z" },
]

[[package]]
name = "gunicorn"
version = "25.0.3"
source = { registry = "https://pypi.org/simple" }
dependencies = [
    { name = "packaging" },
]
sdist = { url = "https://files.pythonhosted.org/packages/f3/e5/e1d2225d2b75fe4988821715d2c526fdf7b39f4a7260aa7e2bb4b25ec65c/gunicorn-25.0.3.tar.gz", hash = "sha256:b53a7fff1a07b825b962af320554de44ae77a26abfa373711ff3f83d57d3506d", size = 9702357, upload-time = "2026-02-07T16:53:52.72Z" }
wheels = [
    { url = "https://files.pythonhosted.org/packages/5e/84/117f39896ded517149be72d16c02252885690e9b0d1b84281944928f61aa/gunicorn-25.0.3-py3-none-any.whl", hash = "sha256:aca364c096c81ca11acd4cede0aaeea91ba76ca74e2c0d7f879154db9d890f35", size = 171728, upload-time = "2026-02-07T16:53:49.546Z" },
]

[[package]]
name = "mcstatus"
version = "12.2.1"
source = { registry = "https://pypi.org/simple" }
dependencies = [
    { name = "asyncio-dgram" },
    { name = "dnspython" },
]
sdist = { url = "https://files.pythonhosted.org/packages/a2/7f/cd398f3eb1b8d4e7bfacfaa5b9bdebd51855a536125899d91f6b81a98e3b/mcstatus-12.2.1.tar.gz", hash = "sha256:0c6fb84c96685bb02189951ba895afbaca22b65bfe74e7fc55ef73a1c6e8a9ce", size = 144402, upload-time = "2026-02-11T18:04:27.853Z" }
wheels = [
    { url = "https://files.pythonhosted.org/packages/19/f7/225cb699be585f4c39f4a66150829a2d1fb402958e25f639f1f2fba19d90/mcstatus-12.2.1-py3-none-any.whl", hash = "sha256:9da6b8b6c1a43521f13cc50f312501091c1e7437c3ad2d65b9ccb534d70b1244", size = 49868, upload-time = "2026-02-11T18:04:26.691Z" },
]

[[package]]
name = "packaging"
version = "26.0"
source = { registry = "https://pypi.org/simple" }
sdist = { url = "https://files.pythonhosted.org/packages/65/ee/299d360cdc32edc7d2cf530f3accf79c4fca01e96ffc950d8a52213bd8e4/packaging-26.0.tar.gz", hash = "sha256:00243ae351a257117b6a241061796684b084ed1c516a08c48a3f7e147a9d80b4", size = 143416, upload-time = "2026-01-21T20:50:39.064Z" }
wheels = [
    { url = "https://files.pythonhosted.org/packages/b7/b9/c538f279a4e237a006a2c98387d081e9eb060d203d8ed34467cc0f0b9b53/packaging-26.0-py3-none-any.whl", hash = "sha256:b36f1fef9334a5588b4166f8bcd26a14e521f2b55e6b9de3aaa80d3ff7a37529", size = 74366, upload-time = "2026-01-21T20:50:37.788Z" },
]

[[package]]
name = "panel"
version = "0.1.0"
source = { virtual = "." }
dependencies = [
    { name = "django" },
    { name = "gunicorn" },
    { name = "mcstatus" },
    { name = "psutil" },
    { name = "python-decouple" },
]

[package.dev-dependencies]
dev = [
    { name = "whitenoise" },
]

[package.metadata]
requires-dist = [
    { name = "django", specifier = ">=6.0.2" },
    { name = "gunicorn", specifier = ">=25.0.3" },
    { name = "mcstatus", specifier = ">=12.2.1" },
    { name = "psutil", specifier = ">=7.2.2" },
    { name = "python-decouple", specifier = ">=3.8" },
]

[package.metadata.requires-dev]
dev = [{ name = "whitenoise", specifier = ">=6.11.0" }]

[[package]]
name = "psutil"
version = "7.2.2"
source = { registry = "https://pypi.org/simple" }
sdist = { url = "https://files.pythonhosted.org/packages/aa/c6/d1ddf4abb55e93cebc4f2ed8b5d6dbad109ecb8d63748dd2b20ab5e57ebe/psutil-7.2.2.tar.gz", hash = "sha256:0746f5f8d406af344fd547f1c8daa5f5c33dbc293bb8d6a16d80b4bb88f59372", size = 493740, upload-time = "2026-01-28T18:14:54.428Z" }
wheels = [
    { url = "https://files.pythonhosted.org/packages/51/08/510cbdb69c25a96f4ae523f733cdc963ae654904e8db864c07585ef99875/psutil-7.2.2-cp313-cp313t-macosx_10_13_x86_64.whl", hash = "sha256:2edccc433cbfa046b980b0df0171cd25bcaeb3a68fe9022db0979e7aa74a826b", size = 130595, upload-time = "2026-01-28T18:14:57.293Z" },
    { url = "https://files.pythonhosted.org/packages/d6/f5/97baea3fe7a5a9af7436301f85490905379b1c6f2dd51fe3ecf24b4c5fbf/psutil-7.2.2-cp313-cp313t-macosx_11_0_arm64.whl", hash = "sha256:e78c8603dcd9a04c7364f1a3e670cea95d51ee865e4efb3556a3a63adef958ea", size = 131082, upload-time = "2026-01-28T18:14:59.732Z" },
    { url = "https://files.pythonhosted.org/packages/37/d6/246513fbf9fa174af531f28412297dd05241d97a75911ac8febefa1a53c6/psutil-7.2.2-cp313-cp313t-manylinux2010_x86_64.manylinux_2_12_x86_64.manylinux_2_28_x86_64.whl", hash = "sha256:1a571f2330c966c62aeda00dd24620425d4b0cc86881c89861fbc04549e5dc63", size = 181476, upload-time = "2026-01-28T18:15:01.884Z" },
    { url = "https://files.pythonhosted.org/packages/b8/b5/9182c9af3836cca61696dabe4fd1304e17bc56cb62f17439e1154f225dd3/psutil-7.2.2-cp313-cp313t-manylinux2014_aarch64.manylinux_2_17_aarch64.manylinux_2_28_aarch64.whl", hash = "sha256:917e891983ca3c1887b4ef36447b1e0873e70c933afc831c6b6da078ba474312", size = 184062, upload-time = "2026-01-28T18:15:04.436Z" },
    { url = "https://files.pythonhosted.org/packages/16/ba/0756dca669f5a9300d0cbcbfae9a4c30e446dfc7440ffe43ded5724bfd93/psutil-7.2.2-cp313-cp313t-win_amd64.whl", hash = "sha256:ab486563df44c17f5173621c7b198955bd6b613fb87c71c161f827d3fb149a9b", size = 139893, upload-time = "2026-01-28T18:15:06.378Z" },
    { url = "https://files.pythonhosted.org/packages/1c/61/8fa0e26f33623b49949346de05ec1ddaad02ed8ba64af45f40a147dbfa97/psutil-7.2.2-cp313-cp313t-win_arm64.whl", hash = "sha256:ae0aefdd8796a7737eccea863f80f81e468a1e4cf14d926bd9b6f5f2d5f90ca9", size = 135589, upload-time = "2026-01-28T18:15:08.03Z" },
    { url = "https://files.pythonhosted.org/packages/81/69/ef179ab5ca24f32acc1dac0c247fd6a13b501fd5534dbae0e05a1c48b66d/psutil-7.2.2-cp314-cp314t-macosx_10_15_x86_64.whl", hash = "sha256:eed63d3b4d62449571547b60578c5b2c4bcccc5387148db46e0c2313dad0ee00", size = 130664, upload-time = "2026-01-28T18:15:09.469Z" },
    { url = "https://files.pythonhosted.org/packages/7b/64/665248b557a236d3fa9efc378d60d95ef56dd0a490c2cd37dafc7660d4a9/psutil-7.2.2-cp314-cp314t-macosx_11_0_arm64.whl", hash = "sha256:7b6d09433a10592ce39b13d7be5a54fbac1d1228ed29abc880fb23df7cb694c9", size = 131087, upload-time = "2026-01-28T18:15:11.724Z" },
    { url = "https://files.pythonhosted.org/packages/d5/2e/e6782744700d6759ebce3043dcfa661fb61e2fb752b91cdeae9af12c2178/psutil-7.2.2-cp314-cp314t-manylinux2010_x86_64.manylinux_2_12_x86_64.manylinux_2_28_x86_64.whl", hash = "sha256:1fa4ecf83bcdf6e6c8f4449aff98eefb5d0604bf88cb883d7da3d8d2d909546a", size = 182383, upload-time = "2026-01-28T18:15:13.445Z" },
    { url = "https://files.pythonhosted.org/packages/57/49/0a41cefd10cb7505cdc04dab3eacf24c0c2cb158a998b8c7b1d27ee2c1f5/psutil-7.2.2-cp314-cp314t-manylinux2014_aarch64.manylinux_2_17_aarch64.manylinux_2_28_aarch64.whl", hash = "sha256:e452c464a02e7dc7822a05d25db4cde564444a67e58539a00f929c51eddda0cf", size = 185210, upload-time = "2026-01-28T18:15:16.002Z" },
    { url = "https://files.pythonhosted.org/packages/dd/2c/ff9bfb544f283ba5f83ba725a3c5fec6d6b10b8f27ac1dc641c473dc390d/psutil-7.2.2-cp314-cp314t-win_amd64.whl", hash = "sha256:c7663d4e37f13e884d13994247449e9f8f574bc4655d509c3b95e9ec9e2b9dc1", size = 141228, upload-time = "2026-01-28T18:15:18.385Z" },
    { url = "https://files.pythonhosted.org/packages/f2/fc/f8d9c31db14fcec13748d373e668bc3bed94d9077dbc17fb0eebc073233c/psutil-7.2.2-cp314-cp314t-win_arm64.whl", hash = "sha256:11fe5a4f613759764e79c65cf11ebdf26e33d6dd34336f8a337aa2996d71c841", size = 136284, upload-time = "2026-01-28T18:15:19.912Z" },
    { url = "https://files.pythonhosted.org/packages/e7/36/5ee6e05c9bd427237b11b3937ad82bb8ad2752d72c6969314590dd0c2f6e/psutil-7.2.2-cp36-abi3-macosx_10_9_x86_64.whl", hash = "sha256:ed0cace939114f62738d808fdcecd4c869222507e266e574799e9c0faa17d486", size = 129090, upload-time = "2026-01-28T18:15:22.168Z" },
    { url = "https://files.pythonhosted.org/packages/80/c4/f5af4c1ca8c1eeb2e92ccca14ce8effdeec651d5ab6053c589b074eda6e1/psutil-7.2.2-cp36-abi3-macosx_11_0_arm64.whl", hash = "sha256:1a7b04c10f32cc88ab39cbf606e117fd74721c831c98a27dc04578deb0c16979", size = 129859, upload-time = "2026-01-28T18:15:23.795Z" },
    { url = "https://files.pythonhosted.org/packages/b5/70/5d8df3b09e25bce090399cf48e452d25c935ab72dad19406c77f4e828045/psutil-7.2.2-cp36-abi3-manylinux2010_x86_64.manylinux_2_12_x86_64.manylinux_2_28_x86_64.whl", hash = "sha256:076a2d2f923fd4821644f5ba89f059523da90dc9014e85f8e45a5774ca5bc6f9", size = 155560, upload-time = "2026-01-28T18:15:25.976Z" },
    { url = "https://files.pythonhosted.org/packages/63/65/37648c0c158dc222aba51c089eb3bdfa238e621674dc42d48706e639204f/psutil-7.2.2-cp36-abi3-manylinux2014_aarch64.manylinux_2_17_aarch64.manylinux_2_28_aarch64.whl", hash = "sha256:b0726cecd84f9474419d67252add4ac0cd9811b04d61123054b9fb6f57df6e9e", size = 156997, upload-time = "2026-01-28T18:15:27.794Z" },
    { url = "https://files.pythonhosted.org/packages/8e/13/125093eadae863ce03c6ffdbae9929430d116a246ef69866dad94da3bfbc/psutil-7.2.2-cp36-abi3-musllinux_1_2_aarch64.whl", hash = "sha256:fd04ef36b4a6d599bbdb225dd1d3f51e00105f6d48a28f006da7f9822f2606d8", size = 148972, upload-time = "2026-01-28T18:15:29.342Z" },
    { url = "https://files.pythonhosted.org/packages/04/78/0acd37ca84ce3ddffaa92ef0f571e073faa6d8ff1f0559ab1272188ea2be/psutil-7.2.2-cp36-abi3-musllinux_1_2_x86_64.whl", hash = "sha256:b58fabe35e80b264a4e3bb23e6b96f9e45a3df7fb7eed419ac0e5947c61e47cc", size = 148266, upload-time = "2026-01-28T18:15:31.597Z" },
    { url = "https://files.pythonhosted.org/packages/b4/90/e2159492b5426be0c1fef7acba807a03511f97c5f86b3caeda6ad92351a7/psutil-7.2.2-cp37-abi3-win_amd64.whl", hash = "sha256:eb7e81434c8d223ec4a219b5fc1c47d0417b12be7ea866e24fb5ad6e84b3d988", size = 137737, upload-time = "2026-01-28T18:15:33.849Z" },
    { url = "https://files.pythonhosted.org/packages/8c/c7/7bb2e321574b10df20cbde462a94e2b71d05f9bbda251ef27d104668306a/psutil-7.2.2-cp37-abi3-win_arm64.whl", hash = "sha256:8c233660f575a5a89e6d4cb65d9f938126312bca76d8fe087b947b3a1aaac9ee", size = 134617, upload-time = "2026-01-28T18:15:36.514Z" },
]

[[package]]
name = "python-decouple"
version = "3.8"
source = { registry = "https://pypi.org/simple" }
sdist = { url = "https://files.pythonhosted.org/packages/e1/97/373dcd5844ec0ea5893e13c39a2c67e7537987ad8de3842fe078db4582fa/python-decouple-3.8.tar.gz", hash = "sha256:ba6e2657d4f376ecc46f77a3a615e058d93ba5e465c01bbe57289bfb7cce680f", size = 9612, upload-time = "2023-03-01T19:38:38.143Z" }
wheels = [
    { url = "https://files.pythonhosted.org/packages/a2/d4/9193206c4563ec771faf2ccf54815ca7918529fe81f6adb22ee6d0e06622/python_decouple-3.8-py3-none-any.whl", hash = "sha256:d0d45340815b25f4de59c974b855bb38d03151d81b037d9e3f463b0c9f8cbd66", size = 9947, upload-time = "2023-03-01T19:38:36.015Z" },
]

[[package]]
name = "sqlparse"
version = "0.5.5"
source = { registry = "https://pypi.org/simple" }
sdist = { url = "https://files.pythonhosted.org/packages/90/76/437d71068094df0726366574cf3432a4ed754217b436eb7429415cf2d480/sqlparse-0.5.5.tar.gz", hash = "sha256:e20d4a9b0b8585fdf63b10d30066c7c94c5d7a7ec47c889a2d83a3caa93ff28e", size = 120815, upload-time = "2025-12-19T07:17:45.073Z" }
wheels = [
    { url = "https://files.pythonhosted.org/packages/49/4b/359f28a903c13438ef59ebeee215fb25da53066db67b305c125f1c6d2a25/sqlparse-0.5.5-py3-none-any.whl", hash = "sha256:12a08b3bf3eec877c519589833aed092e2444e68240a3577e8e26148acc7b1ba", size = 46138, upload-time = "2025-12-19T07:17:46.573Z" },
]

[[package]]
name = "tzdata"
version = "2025.3"
source = { registry = "https://pypi.org/simple" }
sdist = { url = "https://files.pythonhosted.org/packages/5e/a7/c202b344c5ca7daf398f3b8a477eeb205cf3b6f32e7ec3a6bac0629ca975/tzdata-2025.3.tar.gz", hash = "sha256:de39c2ca5dc7b0344f2eba86f49d614019d29f060fc4ebc8a417896a620b56a7", size = 196772, upload-time = "2025-12-13T17:45:35.667Z" }
wheels = [
    { url = "https://files.pythonhosted.org/packages/c7/b0/003792df09decd6849a5e39c28b513c06e84436a54440380862b5aeff25d/tzdata-2025.3-py2.py3-none-any.whl", hash = "sha256:06a47e5700f3081aab02b2e513160914ff0694bce9947d6b76ebd6bf57cfc5d1", size = 348521, upload-time = "2025-12-13T17:45:33.889Z" },
]

[[package]]
name = "whitenoise"
version = "6.11.0"
source = { registry = "https://pypi.org/simple" }
sdist = { url = "https://files.pythonhosted.org/packages/15/95/8c81ec6b6ebcbf8aca2de7603070ccf37dbb873b03f20708e0f7c1664bc6/whitenoise-6.11.0.tar.gz", hash = "sha256:0f5bfce6061ae6611cd9396a8231e088722e4fc67bc13a111be74c738d99375f", size = 26432, upload-time = "2025-09-18T09:16:10.995Z" }
wheels = [
    { url = "https://files.pythonhosted.org/packages/6c/e9/4366332f9295fe0647d7d3251ce18f5615fbcb12d02c79a26f8dba9221b3/whitenoise-6.11.0-py3-none-any.whl", hash = "sha256:b2aeb45950597236f53b5342b3121c5de69c8da0109362aee506ce88e022d258", size = 20197, upload-time = "2025-09-18T09:16:09.754Z" },
]
